// !$*UTF8*$!
{
	archiveVersion = 1;
	classes = {
	};
	objectVersion = 51;
	objects = {

/* Begin PBXBuildFile section */
		8154EFAC883CD83C2B7C21C8 /* Pods_CoronaTracker.framework in Frameworks */ = {isa = PBXBuildFile; fileRef = CA5B553189568F9B5834606C /* Pods_CoronaTracker.framework */; };
		C65B97C5245E423900045114 /* AppDelegate.swift in Sources */ = {isa = PBXBuildFile; fileRef = C65B97C4245E423900045114 /* AppDelegate.swift */; };
		C65B97C7245E423900045114 /* SceneDelegate.swift in Sources */ = {isa = PBXBuildFile; fileRef = C65B97C6245E423900045114 /* SceneDelegate.swift */; };
		C65B97CA245E423900045114 /* CoronaTracker.xcdatamodeld in Sources */ = {isa = PBXBuildFile; fileRef = C65B97C8245E423900045114 /* CoronaTracker.xcdatamodeld */; };
		C65B97CC245E423900045114 /* ContentView.swift in Sources */ = {isa = PBXBuildFile; fileRef = C65B97CB245E423900045114 /* ContentView.swift */; };
		C65B97CE245E423A00045114 /* Assets.xcassets in Resources */ = {isa = PBXBuildFile; fileRef = C65B97CD245E423A00045114 /* Assets.xcassets */; };
		C65B97D1245E423A00045114 /* Preview Assets.xcassets in Resources */ = {isa = PBXBuildFile; fileRef = C65B97D0245E423A00045114 /* Preview Assets.xcassets */; };
		C65B97D4245E423A00045114 /* LaunchScreen.storyboard in Resources */ = {isa = PBXBuildFile; fileRef = C65B97D2245E423A00045114 /* LaunchScreen.storyboard */; };
		C65B97DC245E451100045114 /* CovidFetchRequest.swift in Sources */ = {isa = PBXBuildFile; fileRef = C65B97DB245E451100045114 /* CovidFetchRequest.swift */; };
		C65B97DE245E4AF300045114 /* Model.swift in Sources */ = {isa = PBXBuildFile; fileRef = C65B97DD245E4AF300045114 /* Model.swift */; };
		C65E1C2E2460FD9300B1D513 /* RecentView.swift in Sources */ = {isa = PBXBuildFile; fileRef = C65E1C2D2460FD9300B1D513 /* RecentView.swift */; };
		C65E1C302461009C00B1D513 /* ListHeaderView.swift in Sources */ = {isa = PBXBuildFile; fileRef = C65E1C2F2461009C00B1D513 /* ListHeaderView.swift */; };
		C65E1C322461029500B1D513 /* CountryDataRowView.swift in Sources */ = {isa = PBXBuildFile; fileRef = C65E1C312461029500B1D513 /* CountryDataRowView.swift */; };
		C65E1C342461051700B1D513 /* Extension.swift in Sources */ = {isa = PBXBuildFile; fileRef = C65E1C332461051700B1D513 /* Extension.swift */; };
		C65E1C3824621F7100B1D513 /* TotalDataCard.swift in Sources */ = {isa = PBXBuildFile; fileRef = C65E1C3724621F7100B1D513 /* TotalDataCard.swift */; };
		C65E1C3A2462220700B1D513 /* TotalDataView.swift in Sources */ = {isa = PBXBuildFile; fileRef = C65E1C392462220700B1D513 /* TotalDataView.swift */; };
/* End PBXBuildFile section */

/* Begin PBXFileReference section */
		354F03DB3490BD97C0CBC057 /* Pods-CoronaTracker.release.xcconfig */ = {isa = PBXFileReference; includeInIndex = 1; lastKnownFileType = text.xcconfig; name = "Pods-CoronaTracker.release.xcconfig"; path = "Target Support Files/Pods-CoronaTracker/Pods-CoronaTracker.release.xcconfig"; sourceTree = "<group>"; };
		45E0117116B6A472D86436FA /* Pods-CoronaTracker.debug.xcconfig */ = {isa = PBXFileReference; includeInIndex = 1; lastKnownFileType = text.xcconfig; name = "Pods-CoronaTracker.debug.xcconfig"; path = "Target Support Files/Pods-CoronaTracker/Pods-CoronaTracker.debug.xcconfig"; sourceTree = "<group>"; };
		C65B97C1245E423900045114 /* CoronaTracker.app */ = {isa = PBXFileReference; explicitFileType = wrapper.application; includeInIndex = 0; path = CoronaTracker.app; sourceTree = BUILT_PRODUCTS_DIR; };
		C65B97C4245E423900045114 /* AppDelegate.swift */ = {isa = PBXFileReference; lastKnownFileType = sourcecode.swift; path = AppDelegate.swift; sourceTree = "<group>"; };
		C65B97C6245E423900045114 /* SceneDelegate.swift */ = {isa = PBXFileReference; lastKnownFileType = sourcecode.swift; path = SceneDelegate.swift; sourceTree = "<group>"; };
		C65B97C9245E423900045114 /* CoronaTracker.xcdatamodel */ = {isa = PBXFileReference; lastKnownFileType = wrapper.xcdatamodel; path = CoronaTracker.xcdatamodel; sourceTree = "<group>"; };
		C65B97CB245E423900045114 /* ContentView.swift */ = {isa = PBXFileReference; lastKnownFileType = sourcecode.swift; path = ContentView.swift; sourceTree = "<group>"; };
		C65B97CD245E423A00045114 /* Assets.xcassets */ = {isa = PBXFileReference; lastKnownFileType = folder.assetcatalog; path = Assets.xcassets; sourceTree = "<group>"; };
		C65B97D0245E423A00045114 /* Preview Assets.xcassets */ = {isa = PBXFileReference; lastKnownFileType = folder.assetcatalog; path = "Preview Assets.xcassets"; sourceTree = "<group>"; };
		C65B97D3245E423A00045114 /* Base */ = {isa = PBXFileReference; lastKnownFileType = file.storyboard; name = Base; path = Base.lproj/LaunchScreen.storyboard; sourceTree = "<group>"; };
		C65B97D5245E423A00045114 /* Info.plist */ = {isa = PBXFileReference; lastKnownFileType = text.plist.xml; path = Info.plist; sourceTree = "<group>"; };
		C65B97DB245E451100045114 /* CovidFetchRequest.swift */ = {isa = PBXFileReference; lastKnownFileType = sourcecode.swift; path = CovidFetchRequest.swift; sourceTree = "<group>"; };
		C65B97DD245E4AF300045114 /* Model.swift */ = {isa = PBXFileReference; lastKnownFileType = sourcecode.swift; path = Model.swift; sourceTree = "<group>"; };
		C65E1C2D2460FD9300B1D513 /* RecentView.swift */ = {isa = PBXFileReference; lastKnownFileType = sourcecode.swift; path = RecentView.swift; sourceTree = "<group>"; };
		C65E1C2F2461009C00B1D513 /* ListHeaderView.swift */ = {isa = PBXFileReference; lastKnownFileType = sourcecode.swift; path = ListHeaderView.swift; sourceTree = "<group>"; };
		C65E1C312461029500B1D513 /* CountryDataRowView.swift */ = {isa = PBXFileReference; lastKnownFileType = sourcecode.swift; path = CountryDataRowView.swift; sourceTree = "<group>"; };
		C65E1C332461051700B1D513 /* Extension.swift */ = {isa = PBXFileReference; lastKnownFileType = sourcecode.swift; path = Extension.swift; sourceTree = "<group>"; };
		C65E1C3724621F7100B1D513 /* TotalDataCard.swift */ = {isa = PBXFileReference; lastKnownFileType = sourcecode.swift; path = TotalDataCard.swift; sourceTree = "<group>"; };
		C65E1C392462220700B1D513 /* TotalDataView.swift */ = {isa = PBXFileReference; lastKnownFileType = sourcecode.swift; path = TotalDataView.swift; sourceTree = "<group>"; };
		CA5B553189568F9B5834606C /* Pods_CoronaTracker.framework */ = {isa = PBXFileReference; explicitFileType = wrapper.framework; includeInIndex = 0; path = Pods_CoronaTracker.framework; sourceTree = BUILT_PRODUCTS_DIR; };
/* End PBXFileReference section */

/* Begin PBXFrameworksBuildPhase section */
		C65B97BE245E423800045114 /* Frameworks */ = {
			isa = PBXFrameworksBuildPhase;
			buildActionMask = 2147483647;
			files = (
				8154EFAC883CD83C2B7C21C8 /* Pods_CoronaTracker.framework in Frameworks */,
			);
			runOnlyForDeploymentPostprocessing = 0;
		};
/* End PBXFrameworksBuildPhase section */

/* Begin PBXGroup section */
		5102F9E0F5D8B7C8280439E7 /* Pods */ = {
			isa = PBXGroup;
			children = (
				45E0117116B6A472D86436FA /* Pods-CoronaTracker.debug.xcconfig */,
				354F03DB3490BD97C0CBC057 /* Pods-CoronaTracker.release.xcconfig */,
			);
			path = Pods;
			sourceTree = "<group>";
		};
		C65B97B8245E423800045114 = {
			isa = PBXGroup;
			children = (
				C65B97C3245E423900045114 /* CoronaTracker */,
				C65B97C2245E423900045114 /* Products */,
				5102F9E0F5D8B7C8280439E7 /* Pods */,
				EF0E6C54F73514AB112E4115 /* Frameworks */,
			);
			sourceTree = "<group>";
		};
		C65B97C2245E423900045114 /* Products */ = {
			isa = PBXGroup;
			children = (
				C65B97C1245E423900045114 /* CoronaTracker.app */,
			);
			name = Products;
			sourceTree = "<group>";
		};
		C65B97C3245E423900045114 /* CoronaTracker */ = {
			isa = PBXGroup;
			children = (
				C65B97C4245E423900045114 /* AppDelegate.swift */,
				C65B97C6245E423900045114 /* SceneDelegate.swift */,
				C65B97CB245E423900045114 /* ContentView.swift */,
				C65E1C2D2460FD9300B1D513 /* RecentView.swift */,
				C65E1C3624621F5900B1D513 /* Views */,
				C65E1C3524621F4800B1D513 /* Extensions */,
				C65E1C2A2460FD1600B1D513 /* Model */,
				C65B97CD245E423A00045114 /* Assets.xcassets */,
				C65B97D2245E423A00045114 /* LaunchScreen.storyboard */,
				C65B97D5245E423A00045114 /* Info.plist */,
				C65B97C8245E423900045114 /* CoronaTracker.xcdatamodeld */,
				C65B97CF245E423A00045114 /* Preview Content */,
			);
			path = CoronaTracker;
			sourceTree = "<group>";
		};
		C65B97CF245E423A00045114 /* Preview Content */ = {
			isa = PBXGroup;
			children = (
				C65B97D0245E423A00045114 /* Preview Assets.xcassets */,
			);
			path = "Preview Content";
			sourceTree = "<group>";
		};
		C65E1C2A2460FD1600B1D513 /* Model */ = {
			isa = PBXGroup;
			children = (
				C65B97DB245E451100045114 /* CovidFetchRequest.swift */,
				C65B97DD245E4AF300045114 /* Model.swift */,
			);
			path = Model;
			sourceTree = "<group>";
		};
		C65E1C3524621F4800B1D513 /* Extensions */ = {
			isa = PBXGroup;
			children = (
				C65E1C332461051700B1D513 /* Extension.swift */,
			);
			path = Extensions;
			sourceTree = "<group>";
		};
		C65E1C3624621F5900B1D513 /* Views */ = {
			isa = PBXGroup;
			children = (
				C65E1C2F2461009C00B1D513 /* ListHeaderView.swift */,
				C65E1C312461029500B1D513 /* CountryDataRowView.swift */,
				C65E1C3724621F7100B1D513 /* TotalDataCard.swift */,
				C65E1C392462220700B1D513 /* TotalDataView.swift */,
			);
			path = Views;
			sourceTree = "<group>";
		};
		EF0E6C54F73514AB112E4115 /* Frameworks */ = {
			isa = PBXGroup;
			children = (
				CA5B553189568F9B5834606C /* Pods_CoronaTracker.framework */,
			);
			name = Frameworks;
			sourceTree = "<group>";
		};
/* End PBXGroup section */

/* Begin PBXNativeTarget section */
		C65B97C0245E423800045114 /* CoronaTracker */ = {
			isa = PBXNativeTarget;
			buildConfigurationList = C65B97D8245E423A00045114 /* Build configuration list for PBXNativeTarget "CoronaTracker" */;
			buildPhases = (
				0DA2E373DCE80FB47A6A575A /* [CP] Check Pods Manifest.lock */,
				C65B97BD245E423800045114 /* Sources */,
				C65B97BE245E423800045114 /* Frameworks */,
				C65B97BF245E423800045114 /* Resources */,
				A3A94B284F59CEAC485B6BE9 /* [CP] Embed Pods Frameworks */,
			);
			buildRules = (
			);
			dependencies = (
			);
			name = CoronaTracker;
			productName = CoronaTracker;
			productReference = C65B97C1245E423900045114 /* CoronaTracker.app */;
			productType = "com.apple.product-type.application";
		};
/* End PBXNativeTarget section */

/* Begin PBXProject section */
		C65B97B9245E423800045114 /* Project object */ = {
			isa = PBXProject;
			attributes = {
				LastSwiftUpdateCheck = 1140;
				LastUpgradeCheck = 1140;
				ORGANIZATIONNAME = "Anton Abramson";
				TargetAttributes = {
					C65B97C0245E423800045114 = {
						CreatedOnToolsVersion = 11.4.1;
					};
				};
			};
			buildConfigurationList = C65B97BC245E423800045114 /* Build configuration list for PBXProject "CoronaTracker" */;
			compatibilityVersion = "Xcode 9.3";
			developmentRegion = en;
			hasScannedForEncodings = 0;
			knownRegions = (
				en,
				Base,
			);
			mainGroup = C65B97B8245E423800045114;
			productRefGroup = C65B97C2245E423900045114 /* Products */;
			projectDirPath = "";
			projectRoot = "";
			targets = (
				C65B97C0245E423800045114 /* CoronaTracker */,
			);
		};
/* End PBXProject section */

/* Begin PBXResourcesBuildPhase section */
		C65B97BF245E423800045114 /* Resources */ = {
			isa = PBXResourcesBuildPhase;
			buildActionMask = 2147483647;
			files = (
				C65B97D4245E423A00045114 /* LaunchScreen.storyboard in Resources */,
				C65B97D1245E423A00045114 /* Preview Assets.xcassets in Resources */,
				C65B97CE245E423A00045114 /* Assets.xcassets in Resources */,
			);
			runOnlyForDeploymentPostprocessing = 0;
		};
/* End PBXResourcesBuildPhase section */

/* Begin PBXShellScriptBuildPhase section */
		0DA2E373DCE80FB47A6A575A /* [CP] Check Pods Manifest.lock */ = {
			isa = PBXShellScriptBuildPhase;
			buildActionMask = 2147483647;
			files = (
			);
			inputFileListPaths = (
			);
			inputPaths = (
				"${PODS_PODFILE_DIR_PATH}/Podfile.lock",
				"${PODS_ROOT}/Manifest.lock",
			);
			name = "[CP] Check Pods Manifest.lock";
			outputFileListPaths = (
			);
			outputPaths = (
				"$(DERIVED_FILE_DIR)/Pods-CoronaTracker-checkManifestLockResult.txt",
			);
			runOnlyForDeploymentPostprocessing = 0;
			shellPath = /bin/sh;
			shellScript = "diff \"${PODS_PODFILE_DIR_PATH}/Podfile.lock\" \"${PODS_ROOT}/Manifest.lock\" > /dev/null\nif [ $? != 0 ] ; then\n    # print error to STDERR\n    echo \"error: The sandbox is not in sync with the Podfile.lock. Run 'pod install' or update your CocoaPods installation.\" >&2\n    exit 1\nfi\n# This output is used by Xcode 'outputs' to avoid re-running this script phase.\necho \"SUCCESS\" > \"${SCRIPT_OUTPUT_FILE_0}\"\n";
			showEnvVarsInLog = 0;
		};
		A3A94B284F59CEAC485B6BE9 /* [CP] Embed Pods Frameworks */ = {
			isa = PBXShellScriptBuildPhase;
			buildActionMask = 2147483647;
			files = (
			);
			inputFileListPaths = (
				"${PODS_ROOT}/Target Support Files/Pods-CoronaTracker/Pods-CoronaTracker-frameworks-${CONFIGURATION}-input-files.xcfilelist",
			);
			name = "[CP] Embed Pods Frameworks";
			outputFileListPaths = (
				"${PODS_ROOT}/Target Support Files/Pods-CoronaTracker/Pods-CoronaTracker-frameworks-${CONFIGURATION}-output-files.xcfilelist",
			);
			runOnlyForDeploymentPostprocessing = 0;
			shellPath = /bin/sh;
			shellScript = "\"${PODS_ROOT}/Target Support Files/Pods-CoronaTracker/Pods-CoronaTracker-frameworks.sh\"\n";
			showEnvVarsInLog = 0;
		};
/* End PBXShellScriptBuildPhase section */

/* Begin PBXSourcesBuildPhase section */
		C65B97BD245E423800045114 /* Sources */ = {
			isa = PBXSourcesBuildPhase;
			buildActionMask = 2147483647;
			files = (
				C65B97DC245E451100045114 /* CovidFetchRequest.swift in Sources */,
				C65B97CA245E423900045114 /* CoronaTracker.xcdatamodeld in Sources */,
				C65B97C5245E423900045114 /* AppDelegate.swift in Sources */,
				C65B97DE245E4AF300045114 /* Model.swift in Sources */,
				C65B97CC245E423900045114 /* ContentView.swift in Sources */,
				C65E1C342461051700B1D513 /* Extension.swift in Sources */,
				C65E1C2E2460FD9300B1D513 /* RecentView.swift in Sources */,
				C65B97C7245E423900045114 /* SceneDelegate.swift in Sources */,
				C65E1C302461009C00B1D513 /* ListHeaderView.swift in Sources */,
				C65E1C3824621F7100B1D513 /* TotalDataCard.swift in Sources */,
				C65E1C322461029500B1D513 /* CountryDataRowView.swift in Sources */,
				C65E1C3A2462220700B1D513 /* TotalDataView.swift in Sources */,
			);
			runOnlyForDeploymentPostprocessing = 0;
		};
/* End PBXSourcesBuildPhase section */

/* Begin PBXVariantGroup section */
		C65B97D2245E423A00045114 /* LaunchScreen.storyboard */ = {
			isa = PBXVariantGroup;
			children = (
				C65B97D3245E423A00045114 /* Base */,
			);
			name = LaunchScreen.storyboard;
			sourceTree = "<group>";
		};
/* End PBXVariantGroup section */

/* Begin XCBuildConfiguration section */
		C65B97D6245E423A00045114 /* Debug */ = {
			isa = XCBuildConfiguration;
			buildSettings = {
				ALWAYS_SEARCH_USER_PATHS = NO;
				CLANG_ANALYZER_NONNULL = YES;
				CLANG_ANALYZER_NUMBER_OBJECT_CONVERSION = YES_AGGRESSIVE;
				CLANG_CXX_LANGUAGE_STANDARD = "gnu++14";
				CLANG_CXX_LIBRARY = "libc++";
				CLANG_ENABLE_MODULES = YES;
				CLANG_ENABLE_OBJC_ARC = YES;
				CLANG_ENABLE_OBJC_WEAK = YES;
				CLANG_WARN_BLOCK_CAPTURE_AUTORELEASING = YES;
				CLANG_WARN_BOOL_CONVERSION = YES;
				CLANG_WARN_COMMA = YES;
				CLANG_WARN_CONSTANT_CONVERSION = YES;
				CLANG_WARN_DEPRECATED_OBJC_IMPLEMENTATIONS = YES;
				CLANG_WARN_DIRECT_OBJC_ISA_USAGE = YES_ERROR;
				CLANG_WARN_DOCUMENTATION_COMMENTS = YES;
				CLANG_WARN_EMPTY_BODY = YES;
				CLANG_WARN_ENUM_CONVERSION = YES;
				CLANG_WARN_INFINITE_RECURSION = YES;
				CLANG_WARN_INT_CONVERSION = YES;
				CLANG_WARN_NON_LITERAL_NULL_CONVERSION = YES;
				CLANG_WARN_OBJC_IMPLICIT_RETAIN_SELF = YES;
				CLANG_WARN_OBJC_LITERAL_CONVERSION = YES;
				CLANG_WARN_OBJC_ROOT_CLASS = YES_ERROR;
				CLANG_WARN_RANGE_LOOP_ANALYSIS = YES;
				CLANG_WARN_STRICT_PROTOTYPES = YES;
				CLANG_WARN_SUSPICIOUS_MOVE = YES;
				CLANG_WARN_UNGUARDED_AVAILABILITY = YES_AGGRESSIVE;
				CLANG_WARN_UNREACHABLE_CODE = YES;
				CLANG_WARN__DUPLICATE_METHOD_MATCH = YES;
				COPY_PHASE_STRIP = NO;
				DEBUG_INFORMATION_FORMAT = dwarf;
				ENABLE_STRICT_OBJC_MSGSEND = YES;
				ENABLE_TESTABILITY = YES;
				GCC_C_LANGUAGE_STANDARD = gnu11;
				GCC_DYNAMIC_NO_PIC = NO;
				GCC_NO_COMMON_BLOCKS = YES;
				GCC_OPTIMIZATION_LEVEL = 0;
				GCC_PREPROCESSOR_DEFINITIONS = (
					"DEBUG=1",
					"$(inherited)",
				);
				GCC_WARN_64_TO_32_BIT_CONVERSION = YES;
				GCC_WARN_ABOUT_RETURN_TYPE = YES_ERROR;
				GCC_WARN_UNDECLARED_SELECTOR = YES;
				GCC_WARN_UNINITIALIZED_AUTOS = YES_AGGRESSIVE;
				GCC_WARN_UNUSED_FUNCTION = YES;
				GCC_WARN_UNUSED_VARIABLE = YES;
				IPHONEOS_DEPLOYMENT_TARGET = 13.4;
				MTL_ENABLE_DEBUG_INFO = INCLUDE_SOURCE;
				MTL_FAST_MATH = YES;
				ONLY_ACTIVE_ARCH = YES;
				SDKROOT = iphoneos;
				SWIFT_ACTIVE_COMPILATION_CONDITIONS = DEBUG;
				SWIFT_OPTIMIZATION_LEVEL = "-Onone";
			};
			name = Debug;
		};
		C65B97D7245E423A00045114 /* Release */ = {
			isa = XCBuildConfiguration;
			buildSettings = {
				ALWAYS_SEARCH_USER_PATHS = NO;
				CLANG_ANALYZER_NONNULL = YES;
				CLANG_ANALYZER_NUMBER_OBJECT_CONVERSION = YES_AGGRESSIVE;
				CLANG_CXX_LANGUAGE_STANDARD = "gnu++14";
				CLANG_CXX_LIBRARY = "libc++";
				CLANG_ENABLE_MODULES = YES;
				CLANG_ENABLE_OBJC_ARC = YES;
				CLANG_ENABLE_OBJC_WEAK = YES;
				CLANG_WARN_BLOCK_CAPTURE_AUTORELEASING = YES;
				CLANG_WARN_BOOL_CONVERSION = YES;
				CLANG_WARN_COMMA = YES;
				CLANG_WARN_CONSTANT_CONVERSION = YES;
				CLANG_WARN_DEPRECATED_OBJC_IMPLEMENTATIONS = YES;
				CLANG_WARN_DIRECT_OBJC_ISA_USAGE = YES_ERROR;
				CLANG_WARN_DOCUMENTATION_COMMENTS = YES;
				CLANG_WARN_EMPTY_BODY = YES;
				CLANG_WARN_ENUM_CONVERSION = YES;
				CLANG_WARN_INFINITE_RECURSION = YES;
				CLANG_WARN_INT_CONVERSION = YES;
				CLANG_WARN_NON_LITERAL_NULL_CONVERSION = YES;
				CLANG_WARN_OBJC_IMPLICIT_RETAIN_SELF = YES;
				CLANG_WARN_OBJC_LITERAL_CONVERSION = YES;
				CLANG_WARN_OBJC_ROOT_CLASS = YES_ERROR;
				CLANG_WARN_RANGE_LOOP_ANALYSIS = YES;
				CLANG_WARN_STRICT_PROTOTYPES = YES;
				CLANG_WARN_SUSPICIOUS_MOVE = YES;
				CLANG_WARN_UNGUARDED_AVAILABILITY = YES_AGGRESSIVE;
				CLANG_WARN_UNREACHABLE_CODE = YES;
				CLANG_WARN__DUPLICATE_METHOD_MATCH = YES;
				COPY_PHASE_STRIP = NO;
				DEBUG_INFORMATION_FORMAT = "dwarf-with-dsym";
				ENABLE_NS_ASSERTIONS = NO;
				ENABLE_STRICT_OBJC_MSGSEND = YES;
				GCC_C_LANGUAGE_STANDARD = gnu11;
				GCC_NO_COMMON_BLOCKS = YES;
				GCC_WARN_64_TO_32_BIT_CONVERSION = YES;
				GCC_WARN_ABOUT_RETURN_TYPE = YES_ERROR;
				GCC_WARN_UNDECLARED_SELECTOR = YES;
				GCC_WARN_UNINITIALIZED_AUTOS = YES_AGGRESSIVE;
				GCC_WARN_UNUSED_FUNCTION = YES;
				GCC_WARN_UNUSED_VARIABLE = YES;
				IPHONEOS_DEPLOYMENT_TARGET = 13.4;
				MTL_ENABLE_DEBUG_INFO = NO;
				MTL_FAST_MATH = YES;
				SDKROOT = iphoneos;
				SWIFT_COMPILATION_MODE = wholemodule;
				SWIFT_OPTIMIZATION_LEVEL = "-O";
				VALIDATE_PRODUCT = YES;
			};
			name = Release;
		};
		C65B97D9245E423A00045114 /* Debug */ = {
			isa = XCBuildConfiguration;
			baseConfigurationReference = 45E0117116B6A472D86436FA /* Pods-CoronaTracker.debug.xcconfig */;
			buildSettings = {
				ASSETCATALOG_COMPILER_APPICON_NAME = AppIcon;
				CODE_SIGN_STYLE = Automatic;
				DEVELOPMENT_ASSET_PATHS = "\"CoronaTracker/Preview Content\"";
				ENABLE_PREVIEWS = YES;
				INFOPLIST_FILE = CoronaTracker/Info.plist;
				LD_RUNPATH_SEARCH_PATHS = (
					"$(inherited)",
					"@executable_path/Frameworks",
				);
				PRODUCT_BUNDLE_IDENTIFIER = SFSU.CoronaTracker;
				PRODUCT_NAME = "$(TARGET_NAME)";
				SWIFT_VERSION = 5.0;
				TARGETED_DEVICE_FAMILY = "1,2";
			};
			name = Debug;
		};
		C65B97DA245E423A00045114 /* Release */ = {
			isa = XCBuildConfiguration;
			baseConfigurationReference = 354F03DB3490BD97C0CBC057 /* Pods-CoronaTracker.release.xcconfig */;
			buildSettings = {
				ASSETCATALOG_COMPILER_APPICON_NAME = AppIcon;
				CODE_SIGN_STYLE = Automatic;
				DEVELOPMENT_ASSET_PATHS = "\"CoronaTracker/Preview Content\"";
				ENABLE_PREVIEWS = YES;
				INFOPLIST_FILE = CoronaTracker/Info.plist;
				LD_RUNPATH_SEARCH_PATHS = (
					"$(inherited)",
					"@executable_path/Frameworks",
				);
				PRODUCT_BUNDLE_IDENTIFIER = SFSU.CoronaTracker;
				PRODUCT_NAME = "$(TARGET_NAME)";
				SWIFT_VERSION = 5.0;
				TARGETED_DEVICE_FAMILY = "1,2";
			};
			name = Release;
		};
/* End XCBuildConfiguration section */

/* Begin XCConfigurationList section */
		C65B97BC245E423800045114 /* Build configuration list for PBXProject "CoronaTracker" */ = {
			isa = XCConfigurationList;
			buildConfigurations = (
				C65B97D6245E423A00045114 /* Debug */,
				C65B97D7245E423A00045114 /* Release */,
			);
			defaultConfigurationIsVisible = 0;
			defaultConfigurationName = Release;
		};
		C65B97D8245E423A00045114 /* Build configuration list for PBXNativeTarget "CoronaTracker" */ = {
			isa = XCConfigurationList;
			buildConfigurations = (
				C65B97D9245E423A00045114 /* Debug */,
				C65B97DA245E423A00045114 /* Release */,
			);
			defaultConfigurationIsVisible = 0;
			defaultConfigurationName = Release;
		};
/* End XCConfigurationList section */

/* Begin XCVersionGroup section */
		C65B97C8245E423900045114 /* CoronaTracker.xcdatamodeld */ = {
			isa = XCVersionGroup;
			children = (
				C65B97C9245E423900045114 /* CoronaTracker.xcdatamodel */,
			);
			currentVersion = C65B97C9245E423900045114 /* CoronaTracker.xcdatamodel */;
			path = CoronaTracker.xcdatamodeld;
			sourceTree = "<group>";
			versionGroupType = wrapper.xcdatamodel;
		};
/* End XCVersionGroup section */
	};
	rootObject = C65B97B9245E423800045114 /* Project object */;
}
